
Microsoft Visual Studio Solution File, Format Version 12.00
# Visual Studio Version 17
VisualStudioVersion = 17.1.32421.90
MinimumVisualStudioVersion = 10.0.40219.1
Project("{9A19103F-16F7-4668-BE54-9A1E7A4F7556}") = "DeltaClient.WPF", "DeltaClient.WPF\DeltaClient.WPF.csproj", "{16D5DB7D-4FC3-444E-9784-0306A942C7F1}"
EndProject
Project("{9A19103F-16F7-4668-BE54-9A1E7A4F7556}") = "DeltaTests", "DeltaTests\DeltaTests.csproj", "{914B6423-CCB2-41F7-94E2-483C342854B6}"
EndProject
Project("{9A19103F-16F7-4668-BE54-9A1E7A4F7556}") = "DeltaDerivatives", "DeltaDerivatives\DeltaDerivatives.csproj", "{A5E71D76-4C8C-4F36-BA8F-C5D10EA9F5AA}"
EndProject
Global
	GlobalSection(SolutionConfigurationPlatforms) = preSolution
		Debug|Any CPU = Debug|Any CPU
		Release|Any CPU = Release|Any CPU
	EndGlobalSection
	GlobalSection(ProjectConfigurationPlatforms) = postSolution
		{16D5DB7D-4FC3-444E-9784-0306A942C7F1}.Debug|Any CPU.ActiveCfg = Debug|Any CPU
		{16D5DB7D-4FC3-444E-9784-0306A942C7F1}.Debug|Any CPU.Build.0 = Debug|Any CPU
		{16D5DB7D-4FC3-444E-9784-0306A942C7F1}.Release|Any CPU.ActiveCfg = Release|Any CPU
		{16D5DB7D-4FC3-444E-9784-0306A942C7F1}.Release|Any CPU.Build.0 = Release|Any CPU
		{914B6423-CCB2-41F7-94E2-483C342854B6}.Debug|Any CPU.ActiveCfg = Debug|Any CPU
		{914B6423-CCB2-41F7-94E2-483C342854B6}.Debug|Any CPU.Build.0 = Debug|Any CPU
		{914B6423-CCB2-41F7-94E2-483C342854B6}.Release|Any CPU.ActiveCfg = Release|Any CPU
		{914B6423-CCB2-41F7-94E2-483C342854B6}.Release|Any CPU.Build.0 = Release|Any CPU
		{A5E71D76-4C8C-4F36-BA8F-C5D10EA9F5AA}.Debug|Any CPU.ActiveCfg = Debug|Any CPU
		{A5E71D76-4C8C-4F36-BA8F-C5D10EA9F5AA}.Debug|Any CPU.Build.0 = Debug|Any CPU
		{A5E71D76-4C8C-4F36-BA8F-C5D10EA9F5AA}.Release|Any CPU.ActiveCfg = Release|Any CPU
		{A5E71D76-4C8C-4F36-BA8F-C5D10EA9F5AA}.Release|Any CPU.Build.0 = Release|Any CPU
	EndGlobalSection
	GlobalSection(SolutionProperties) = preSolution
		HideSolutionNode = FALSE
	EndGlobalSection
	GlobalSection(ExtensibilityGlobals) = postSolution
		SolutionGuid = {0C2AFA4C-5562-4674-9166-1BB840FDCDAF}
	EndGlobalSection
EndGlobal
