
Microsoft Visual Studio Solution File, Format Version 12.00
# Visual Studio Version 17
VisualStudioVersion = 17.1.32421.90
MinimumVisualStudioVersion = 10.0.40219.1
Project("{9A19103F-16F7-4668-BE54-9A1E7A4F7556}") = "DeltaClient.WPF", "DeltaClient.WPF\DeltaClient.WPF.csproj", "{16D5DB7D-4FC3-444E-9784-0306A942C7F1}"
EndProject
Project("{9A19103F-16F7-4668-BE54-9A1E7A4F7556}") = "DeltaTests", "DeltaTests\DeltaTests.csproj", "{914B6423-CCB2-41F7-94E2-483C342854B6}"
EndProject
Project("{9A19103F-16F7-4668-BE54-9A1E7A4F7556}") = "DeltaDerivatives", "DeltaDerivatives\DeltaDerivatives.csproj", "{A5E71D76-4C8C-4F36-BA8F-C5D10EA9F5AA}"
EndProject
Project("{8BC9CEB8-8B4A-11D0-8D11-00A0C91BC942}") = "Delta++", "Delta++\Delta++.vcxproj", "{C9CEA47A-9CAB-43F6-9737-7FDCD9A3AF8B}"
EndProject
Project("{8BC9CEB8-8B4A-11D0-8D11-00A0C91BC942}") = "D++Tests", "D++Tests\D++Tests.vcxproj", "{8D47134D-6152-44BE-92D2-EB597C9D3102}"
EndProject
Project("{2150E333-8FDC-42A3-9474-1A3956D46DE8}") = "UI++", "UI++", "{D52D4488-687C-4300-8855-97A508A39261}"
EndProject
Project("{8BC9CEB8-8B4A-11D0-8D11-00A0C91BC942}") = "Delta++UI", "Delta++UI\Delta++UI.vcxproj", "{50951793-FE28-461D-AD8C-09172450C5F8}"
EndProject
Project("{8BC9CEB8-8B4A-11D0-8D11-00A0C91BC942}") = "WalnutApp", "walnut\WalnutApp\WalnutApp.vcxproj", "{21A40790-8D0E-BC06-D64C-6DAC42F6995B}"
EndProject
Project("{8BC9CEB8-8B4A-11D0-8D11-00A0C91BC942}") = "GLFW", "walnut\vendor\GLFW\GLFW.vcxproj", "{154B857C-0182-860D-AA6E-6C109684020F}"
EndProject
Project("{8BC9CEB8-8B4A-11D0-8D11-00A0C91BC942}") = "ImGui", "walnut\vendor\imgui\ImGui.vcxproj", "{C0FF640D-2C14-8DBE-F595-301E616989EF}"
EndProject
Project("{8BC9CEB8-8B4A-11D0-8D11-00A0C91BC942}") = "Walnut", "walnut\Walnut\Walnut.vcxproj", "{C038E8D9-ACDA-12B0-9595-260481D69900}"
EndProject
Global
	GlobalSection(SolutionConfigurationPlatforms) = preSolution
		Debug|Any CPU = Debug|Any CPU
		Debug|x64 = Debug|x64
		Debug|x86 = Debug|x86
		Dist|Any CPU = Dist|Any CPU
		Dist|x64 = Dist|x64
		Dist|x86 = Dist|x86
		Release|Any CPU = Release|Any CPU
		Release|x64 = Release|x64
		Release|x86 = Release|x86
	EndGlobalSection
	GlobalSection(ProjectConfigurationPlatforms) = postSolution
		{16D5DB7D-4FC3-444E-9784-0306A942C7F1}.Debug|Any CPU.ActiveCfg = Debug|Any CPU
		{16D5DB7D-4FC3-444E-9784-0306A942C7F1}.Debug|Any CPU.Build.0 = Debug|Any CPU
		{16D5DB7D-4FC3-444E-9784-0306A942C7F1}.Debug|x64.ActiveCfg = Debug|Any CPU
		{16D5DB7D-4FC3-444E-9784-0306A942C7F1}.Debug|x64.Build.0 = Debug|Any CPU
		{16D5DB7D-4FC3-444E-9784-0306A942C7F1}.Debug|x86.ActiveCfg = Debug|Any CPU
		{16D5DB7D-4FC3-444E-9784-0306A942C7F1}.Debug|x86.Build.0 = Debug|Any CPU
		{16D5DB7D-4FC3-444E-9784-0306A942C7F1}.Dist|Any CPU.ActiveCfg = Debug|Any CPU
		{16D5DB7D-4FC3-444E-9784-0306A942C7F1}.Dist|Any CPU.Build.0 = Debug|Any CPU
		{16D5DB7D-4FC3-444E-9784-0306A942C7F1}.Dist|x64.ActiveCfg = Debug|Any CPU
		{16D5DB7D-4FC3-444E-9784-0306A942C7F1}.Dist|x64.Build.0 = Debug|Any CPU
		{16D5DB7D-4FC3-444E-9784-0306A942C7F1}.Dist|x86.ActiveCfg = Debug|Any CPU
		{16D5DB7D-4FC3-444E-9784-0306A942C7F1}.Dist|x86.Build.0 = Debug|Any CPU
		{16D5DB7D-4FC3-444E-9784-0306A942C7F1}.Release|Any CPU.ActiveCfg = Release|Any CPU
		{16D5DB7D-4FC3-444E-9784-0306A942C7F1}.Release|Any CPU.Build.0 = Release|Any CPU
		{16D5DB7D-4FC3-444E-9784-0306A942C7F1}.Release|x64.ActiveCfg = Release|Any CPU
		{16D5DB7D-4FC3-444E-9784-0306A942C7F1}.Release|x64.Build.0 = Release|Any CPU
		{16D5DB7D-4FC3-444E-9784-0306A942C7F1}.Release|x86.ActiveCfg = Release|Any CPU
		{16D5DB7D-4FC3-444E-9784-0306A942C7F1}.Release|x86.Build.0 = Release|Any CPU
		{914B6423-CCB2-41F7-94E2-483C342854B6}.Debug|Any CPU.ActiveCfg = Debug|Any CPU
		{914B6423-CCB2-41F7-94E2-483C342854B6}.Debug|Any CPU.Build.0 = Debug|Any CPU
		{914B6423-CCB2-41F7-94E2-483C342854B6}.Debug|x64.ActiveCfg = Debug|Any CPU
		{914B6423-CCB2-41F7-94E2-483C342854B6}.Debug|x64.Build.0 = Debug|Any CPU
		{914B6423-CCB2-41F7-94E2-483C342854B6}.Debug|x86.ActiveCfg = Debug|Any CPU
		{914B6423-CCB2-41F7-94E2-483C342854B6}.Debug|x86.Build.0 = Debug|Any CPU
		{914B6423-CCB2-41F7-94E2-483C342854B6}.Dist|Any CPU.ActiveCfg = Debug|Any CPU
		{914B6423-CCB2-41F7-94E2-483C342854B6}.Dist|Any CPU.Build.0 = Debug|Any CPU
		{914B6423-CCB2-41F7-94E2-483C342854B6}.Dist|x64.ActiveCfg = Debug|Any CPU
		{914B6423-CCB2-41F7-94E2-483C342854B6}.Dist|x64.Build.0 = Debug|Any CPU
		{914B6423-CCB2-41F7-94E2-483C342854B6}.Dist|x86.ActiveCfg = Debug|Any CPU
		{914B6423-CCB2-41F7-94E2-483C342854B6}.Dist|x86.Build.0 = Debug|Any CPU
		{914B6423-CCB2-41F7-94E2-483C342854B6}.Release|Any CPU.ActiveCfg = Release|Any CPU
		{914B6423-CCB2-41F7-94E2-483C342854B6}.Release|Any CPU.Build.0 = Release|Any CPU
		{914B6423-CCB2-41F7-94E2-483C342854B6}.Release|x64.ActiveCfg = Release|Any CPU
		{914B6423-CCB2-41F7-94E2-483C342854B6}.Release|x64.Build.0 = Release|Any CPU
		{914B6423-CCB2-41F7-94E2-483C342854B6}.Release|x86.ActiveCfg = Release|Any CPU
		{914B6423-CCB2-41F7-94E2-483C342854B6}.Release|x86.Build.0 = Release|Any CPU
		{A5E71D76-4C8C-4F36-BA8F-C5D10EA9F5AA}.Debug|Any CPU.ActiveCfg = Debug|Any CPU
		{A5E71D76-4C8C-4F36-BA8F-C5D10EA9F5AA}.Debug|Any CPU.Build.0 = Debug|Any CPU
		{A5E71D76-4C8C-4F36-BA8F-C5D10EA9F5AA}.Debug|x64.ActiveCfg = Debug|Any CPU
		{A5E71D76-4C8C-4F36-BA8F-C5D10EA9F5AA}.Debug|x64.Build.0 = Debug|Any CPU
		{A5E71D76-4C8C-4F36-BA8F-C5D10EA9F5AA}.Debug|x86.ActiveCfg = Debug|Any CPU
		{A5E71D76-4C8C-4F36-BA8F-C5D10EA9F5AA}.Debug|x86.Build.0 = Debug|Any CPU
		{A5E71D76-4C8C-4F36-BA8F-C5D10EA9F5AA}.Dist|Any CPU.ActiveCfg = Debug|Any CPU
		{A5E71D76-4C8C-4F36-BA8F-C5D10EA9F5AA}.Dist|Any CPU.Build.0 = Debug|Any CPU
		{A5E71D76-4C8C-4F36-BA8F-C5D10EA9F5AA}.Dist|x64.ActiveCfg = Debug|Any CPU
		{A5E71D76-4C8C-4F36-BA8F-C5D10EA9F5AA}.Dist|x64.Build.0 = Debug|Any CPU
		{A5E71D76-4C8C-4F36-BA8F-C5D10EA9F5AA}.Dist|x86.ActiveCfg = Debug|Any CPU
		{A5E71D76-4C8C-4F36-BA8F-C5D10EA9F5AA}.Dist|x86.Build.0 = Debug|Any CPU
		{A5E71D76-4C8C-4F36-BA8F-C5D10EA9F5AA}.Release|Any CPU.ActiveCfg = Release|Any CPU
		{A5E71D76-4C8C-4F36-BA8F-C5D10EA9F5AA}.Release|Any CPU.Build.0 = Release|Any CPU
		{A5E71D76-4C8C-4F36-BA8F-C5D10EA9F5AA}.Release|x64.ActiveCfg = Release|Any CPU
		{A5E71D76-4C8C-4F36-BA8F-C5D10EA9F5AA}.Release|x64.Build.0 = Release|Any CPU
		{A5E71D76-4C8C-4F36-BA8F-C5D10EA9F5AA}.Release|x86.ActiveCfg = Release|Any CPU
		{A5E71D76-4C8C-4F36-BA8F-C5D10EA9F5AA}.Release|x86.Build.0 = Release|Any CPU
		{C9CEA47A-9CAB-43F6-9737-7FDCD9A3AF8B}.Debug|Any CPU.ActiveCfg = Debug|x64
		{C9CEA47A-9CAB-43F6-9737-7FDCD9A3AF8B}.Debug|Any CPU.Build.0 = Debug|x64
		{C9CEA47A-9CAB-43F6-9737-7FDCD9A3AF8B}.Debug|x64.ActiveCfg = Debug|x64
		{C9CEA47A-9CAB-43F6-9737-7FDCD9A3AF8B}.Debug|x64.Build.0 = Debug|x64
		{C9CEA47A-9CAB-43F6-9737-7FDCD9A3AF8B}.Debug|x86.ActiveCfg = Debug|Win32
		{C9CEA47A-9CAB-43F6-9737-7FDCD9A3AF8B}.Debug|x86.Build.0 = Debug|Win32
		{C9CEA47A-9CAB-43F6-9737-7FDCD9A3AF8B}.Dist|Any CPU.ActiveCfg = Release|Win32
		{C9CEA47A-9CAB-43F6-9737-7FDCD9A3AF8B}.Dist|Any CPU.Build.0 = Release|Win32
		{C9CEA47A-9CAB-43F6-9737-7FDCD9A3AF8B}.Dist|x64.ActiveCfg = Debug|x64
		{C9CEA47A-9CAB-43F6-9737-7FDCD9A3AF8B}.Dist|x64.Build.0 = Debug|x64
		{C9CEA47A-9CAB-43F6-9737-7FDCD9A3AF8B}.Dist|x86.ActiveCfg = Debug|Win32
		{C9CEA47A-9CAB-43F6-9737-7FDCD9A3AF8B}.Dist|x86.Build.0 = Debug|Win32
		{C9CEA47A-9CAB-43F6-9737-7FDCD9A3AF8B}.Release|Any CPU.ActiveCfg = Release|x64
		{C9CEA47A-9CAB-43F6-9737-7FDCD9A3AF8B}.Release|Any CPU.Build.0 = Release|x64
		{C9CEA47A-9CAB-43F6-9737-7FDCD9A3AF8B}.Release|x64.ActiveCfg = Release|x64
		{C9CEA47A-9CAB-43F6-9737-7FDCD9A3AF8B}.Release|x64.Build.0 = Release|x64
		{C9CEA47A-9CAB-43F6-9737-7FDCD9A3AF8B}.Release|x86.ActiveCfg = Release|Win32
		{C9CEA47A-9CAB-43F6-9737-7FDCD9A3AF8B}.Release|x86.Build.0 = Release|Win32
		{8D47134D-6152-44BE-92D2-EB597C9D3102}.Debug|Any CPU.ActiveCfg = Debug|x64
		{8D47134D-6152-44BE-92D2-EB597C9D3102}.Debug|Any CPU.Build.0 = Debug|x64
		{8D47134D-6152-44BE-92D2-EB597C9D3102}.Debug|x64.ActiveCfg = Debug|x64
		{8D47134D-6152-44BE-92D2-EB597C9D3102}.Debug|x64.Build.0 = Debug|x64
		{8D47134D-6152-44BE-92D2-EB597C9D3102}.Debug|x86.ActiveCfg = Debug|Win32
		{8D47134D-6152-44BE-92D2-EB597C9D3102}.Debug|x86.Build.0 = Debug|Win32
		{8D47134D-6152-44BE-92D2-EB597C9D3102}.Dist|Any CPU.ActiveCfg = Release|Win32
		{8D47134D-6152-44BE-92D2-EB597C9D3102}.Dist|Any CPU.Build.0 = Release|Win32
		{8D47134D-6152-44BE-92D2-EB597C9D3102}.Dist|x64.ActiveCfg = Debug|x64
		{8D47134D-6152-44BE-92D2-EB597C9D3102}.Dist|x64.Build.0 = Debug|x64
		{8D47134D-6152-44BE-92D2-EB597C9D3102}.Dist|x86.ActiveCfg = Debug|Win32
		{8D47134D-6152-44BE-92D2-EB597C9D3102}.Dist|x86.Build.0 = Debug|Win32
		{8D47134D-6152-44BE-92D2-EB597C9D3102}.Release|Any CPU.ActiveCfg = Release|x64
		{8D47134D-6152-44BE-92D2-EB597C9D3102}.Release|Any CPU.Build.0 = Release|x64
		{8D47134D-6152-44BE-92D2-EB597C9D3102}.Release|x64.ActiveCfg = Release|x64
		{8D47134D-6152-44BE-92D2-EB597C9D3102}.Release|x64.Build.0 = Release|x64
		{8D47134D-6152-44BE-92D2-EB597C9D3102}.Release|x86.ActiveCfg = Release|Win32
		{8D47134D-6152-44BE-92D2-EB597C9D3102}.Release|x86.Build.0 = Release|Win32
		{50951793-FE28-461D-AD8C-09172450C5F8}.Debug|Any CPU.ActiveCfg = Debug|x64
		{50951793-FE28-461D-AD8C-09172450C5F8}.Debug|Any CPU.Build.0 = Debug|x64
		{50951793-FE28-461D-AD8C-09172450C5F8}.Debug|x64.ActiveCfg = Debug|x64
		{50951793-FE28-461D-AD8C-09172450C5F8}.Debug|x64.Build.0 = Debug|x64
		{50951793-FE28-461D-AD8C-09172450C5F8}.Debug|x86.ActiveCfg = Debug|Win32
		{50951793-FE28-461D-AD8C-09172450C5F8}.Debug|x86.Build.0 = Debug|Win32
		{50951793-FE28-461D-AD8C-09172450C5F8}.Dist|Any CPU.ActiveCfg = Debug|Win32
		{50951793-FE28-461D-AD8C-09172450C5F8}.Dist|Any CPU.Build.0 = Debug|Win32
		{50951793-FE28-461D-AD8C-09172450C5F8}.Dist|x64.ActiveCfg = Debug|x64
		{50951793-FE28-461D-AD8C-09172450C5F8}.Dist|x64.Build.0 = Debug|x64
		{50951793-FE28-461D-AD8C-09172450C5F8}.Dist|x86.ActiveCfg = Debug|Win32
		{50951793-FE28-461D-AD8C-09172450C5F8}.Dist|x86.Build.0 = Debug|Win32
		{50951793-FE28-461D-AD8C-09172450C5F8}.Release|Any CPU.ActiveCfg = Release|x64
		{50951793-FE28-461D-AD8C-09172450C5F8}.Release|Any CPU.Build.0 = Release|x64
		{50951793-FE28-461D-AD8C-09172450C5F8}.Release|x64.ActiveCfg = Release|x64
		{50951793-FE28-461D-AD8C-09172450C5F8}.Release|x64.Build.0 = Release|x64
		{50951793-FE28-461D-AD8C-09172450C5F8}.Release|x86.ActiveCfg = Release|Win32
		{50951793-FE28-461D-AD8C-09172450C5F8}.Release|x86.Build.0 = Release|Win32
		{21A40790-8D0E-BC06-D64C-6DAC42F6995B}.Debug|Any CPU.ActiveCfg = Debug|x64
		{21A40790-8D0E-BC06-D64C-6DAC42F6995B}.Debug|Any CPU.Build.0 = Debug|x64
		{21A40790-8D0E-BC06-D64C-6DAC42F6995B}.Debug|x64.ActiveCfg = Debug|x64
		{21A40790-8D0E-BC06-D64C-6DAC42F6995B}.Debug|x64.Build.0 = Debug|x64
		{21A40790-8D0E-BC06-D64C-6DAC42F6995B}.Debug|x86.ActiveCfg = Debug|x64
		{21A40790-8D0E-BC06-D64C-6DAC42F6995B}.Debug|x86.Build.0 = Debug|x64
		{21A40790-8D0E-BC06-D64C-6DAC42F6995B}.Dist|Any CPU.ActiveCfg = Dist|x64
		{21A40790-8D0E-BC06-D64C-6DAC42F6995B}.Dist|Any CPU.Build.0 = Dist|x64
		{21A40790-8D0E-BC06-D64C-6DAC42F6995B}.Dist|x64.ActiveCfg = Dist|x64
		{21A40790-8D0E-BC06-D64C-6DAC42F6995B}.Dist|x64.Build.0 = Dist|x64
		{21A40790-8D0E-BC06-D64C-6DAC42F6995B}.Dist|x86.ActiveCfg = Dist|x64
		{21A40790-8D0E-BC06-D64C-6DAC42F6995B}.Dist|x86.Build.0 = Dist|x64
		{21A40790-8D0E-BC06-D64C-6DAC42F6995B}.Release|Any CPU.ActiveCfg = Release|x64
		{21A40790-8D0E-BC06-D64C-6DAC42F6995B}.Release|Any CPU.Build.0 = Release|x64
		{21A40790-8D0E-BC06-D64C-6DAC42F6995B}.Release|x64.ActiveCfg = Release|x64
		{21A40790-8D0E-BC06-D64C-6DAC42F6995B}.Release|x64.Build.0 = Release|x64
		{21A40790-8D0E-BC06-D64C-6DAC42F6995B}.Release|x86.ActiveCfg = Release|x64
		{21A40790-8D0E-BC06-D64C-6DAC42F6995B}.Release|x86.Build.0 = Release|x64
		{154B857C-0182-860D-AA6E-6C109684020F}.Debug|Any CPU.ActiveCfg = Debug|x64
		{154B857C-0182-860D-AA6E-6C109684020F}.Debug|Any CPU.Build.0 = Debug|x64
		{154B857C-0182-860D-AA6E-6C109684020F}.Debug|x64.ActiveCfg = Debug|x64
		{154B857C-0182-860D-AA6E-6C109684020F}.Debug|x64.Build.0 = Debug|x64
		{154B857C-0182-860D-AA6E-6C109684020F}.Debug|x86.ActiveCfg = Debug|x64
		{154B857C-0182-860D-AA6E-6C109684020F}.Debug|x86.Build.0 = Debug|x64
		{154B857C-0182-860D-AA6E-6C109684020F}.Dist|Any CPU.ActiveCfg = Dist|x64
		{154B857C-0182-860D-AA6E-6C109684020F}.Dist|Any CPU.Build.0 = Dist|x64
		{154B857C-0182-860D-AA6E-6C109684020F}.Dist|x64.ActiveCfg = Dist|x64
		{154B857C-0182-860D-AA6E-6C109684020F}.Dist|x64.Build.0 = Dist|x64
		{154B857C-0182-860D-AA6E-6C109684020F}.Dist|x86.ActiveCfg = Dist|x64
		{154B857C-0182-860D-AA6E-6C109684020F}.Dist|x86.Build.0 = Dist|x64
		{154B857C-0182-860D-AA6E-6C109684020F}.Release|Any CPU.ActiveCfg = Release|x64
		{154B857C-0182-860D-AA6E-6C109684020F}.Release|Any CPU.Build.0 = Release|x64
		{154B857C-0182-860D-AA6E-6C109684020F}.Release|x64.ActiveCfg = Release|x64
		{154B857C-0182-860D-AA6E-6C109684020F}.Release|x64.Build.0 = Release|x64
		{154B857C-0182-860D-AA6E-6C109684020F}.Release|x86.ActiveCfg = Release|x64
		{154B857C-0182-860D-AA6E-6C109684020F}.Release|x86.Build.0 = Release|x64
		{C0FF640D-2C14-8DBE-F595-301E616989EF}.Debug|Any CPU.ActiveCfg = Debug|x64
		{C0FF640D-2C14-8DBE-F595-301E616989EF}.Debug|Any CPU.Build.0 = Debug|x64
		{C0FF640D-2C14-8DBE-F595-301E616989EF}.Debug|x64.ActiveCfg = Debug|x64
		{C0FF640D-2C14-8DBE-F595-301E616989EF}.Debug|x64.Build.0 = Debug|x64
		{C0FF640D-2C14-8DBE-F595-301E616989EF}.Debug|x86.ActiveCfg = Debug|x64
		{C0FF640D-2C14-8DBE-F595-301E616989EF}.Debug|x86.Build.0 = Debug|x64
		{C0FF640D-2C14-8DBE-F595-301E616989EF}.Dist|Any CPU.ActiveCfg = Dist|x64
		{C0FF640D-2C14-8DBE-F595-301E616989EF}.Dist|Any CPU.Build.0 = Dist|x64
		{C0FF640D-2C14-8DBE-F595-301E616989EF}.Dist|x64.ActiveCfg = Dist|x64
		{C0FF640D-2C14-8DBE-F595-301E616989EF}.Dist|x64.Build.0 = Dist|x64
		{C0FF640D-2C14-8DBE-F595-301E616989EF}.Dist|x86.ActiveCfg = Dist|x64
		{C0FF640D-2C14-8DBE-F595-301E616989EF}.Dist|x86.Build.0 = Dist|x64
		{C0FF640D-2C14-8DBE-F595-301E616989EF}.Release|Any CPU.ActiveCfg = Release|x64
		{C0FF640D-2C14-8DBE-F595-301E616989EF}.Release|Any CPU.Build.0 = Release|x64
		{C0FF640D-2C14-8DBE-F595-301E616989EF}.Release|x64.ActiveCfg = Release|x64
		{C0FF640D-2C14-8DBE-F595-301E616989EF}.Release|x64.Build.0 = Release|x64
		{C0FF640D-2C14-8DBE-F595-301E616989EF}.Release|x86.ActiveCfg = Release|x64
		{C0FF640D-2C14-8DBE-F595-301E616989EF}.Release|x86.Build.0 = Release|x64
		{C038E8D9-ACDA-12B0-9595-260481D69900}.Debug|Any CPU.ActiveCfg = Debug|x64
		{C038E8D9-ACDA-12B0-9595-260481D69900}.Debug|Any CPU.Build.0 = Debug|x64
		{C038E8D9-ACDA-12B0-9595-260481D69900}.Debug|x64.ActiveCfg = Debug|x64
		{C038E8D9-ACDA-12B0-9595-260481D69900}.Debug|x64.Build.0 = Debug|x64
		{C038E8D9-ACDA-12B0-9595-260481D69900}.Debug|x86.ActiveCfg = Debug|x64
		{C038E8D9-ACDA-12B0-9595-260481D69900}.Debug|x86.Build.0 = Debug|x64
		{C038E8D9-ACDA-12B0-9595-260481D69900}.Dist|Any CPU.ActiveCfg = Dist|x64
		{C038E8D9-ACDA-12B0-9595-260481D69900}.Dist|Any CPU.Build.0 = Dist|x64
		{C038E8D9-ACDA-12B0-9595-260481D69900}.Dist|x64.ActiveCfg = Dist|x64
		{C038E8D9-ACDA-12B0-9595-260481D69900}.Dist|x64.Build.0 = Dist|x64
		{C038E8D9-ACDA-12B0-9595-260481D69900}.Dist|x86.ActiveCfg = Dist|x64
		{C038E8D9-ACDA-12B0-9595-260481D69900}.Dist|x86.Build.0 = Dist|x64
		{C038E8D9-ACDA-12B0-9595-260481D69900}.Release|Any CPU.ActiveCfg = Release|x64
		{C038E8D9-ACDA-12B0-9595-260481D69900}.Release|Any CPU.Build.0 = Release|x64
		{C038E8D9-ACDA-12B0-9595-260481D69900}.Release|x64.ActiveCfg = Release|x64
		{C038E8D9-ACDA-12B0-9595-260481D69900}.Release|x64.Build.0 = Release|x64
		{C038E8D9-ACDA-12B0-9595-260481D69900}.Release|x86.ActiveCfg = Release|x64
		{C038E8D9-ACDA-12B0-9595-260481D69900}.Release|x86.Build.0 = Release|x64
	EndGlobalSection
	GlobalSection(SolutionProperties) = preSolution
		HideSolutionNode = FALSE
	EndGlobalSection
	GlobalSection(NestedProjects) = preSolution
		{21A40790-8D0E-BC06-D64C-6DAC42F6995B} = {D52D4488-687C-4300-8855-97A508A39261}
		{154B857C-0182-860D-AA6E-6C109684020F} = {D52D4488-687C-4300-8855-97A508A39261}
		{C0FF640D-2C14-8DBE-F595-301E616989EF} = {D52D4488-687C-4300-8855-97A508A39261}
		{C038E8D9-ACDA-12B0-9595-260481D69900} = {D52D4488-687C-4300-8855-97A508A39261}
	EndGlobalSection
	GlobalSection(ExtensibilityGlobals) = postSolution
		SolutionGuid = {0C2AFA4C-5562-4674-9166-1BB840FDCDAF}
	EndGlobalSection
EndGlobal
