<?xml version="1.0" encoding="utf-8"?>
<Project ToolsVersion="17.0" xmlns="http://schemas.microsoft.com/developer/msbuild/2003">
  <ItemGroup>
    <ClCompile Include="C:\projects\Delta\Delta++\dllmain.cpp">
      <Filter>Source Files</Filter>
    </ClCompile>
    <ClCompile Include="C:\projects\Delta\Delta++\pch.cpp">
      <Filter>Source Files</Filter>
    </ClCompile>
    <ClCompile Include="C:\projects\Delta\Delta++\triangularmatrix.cpp">
      <Filter>Source Files</Filter>
    </ClCompile>
    <ClCompile Include="C:\projects\Delta\Delta++\trimatrixbuilder.cpp">
      <Filter>Source Files</Filter>
    </ClCompile>
  </ItemGroup>
  <ItemGroup>
    <ClInclude Include="C:\projects\Delta\Delta++\framework.h">
      <Filter>Header Files</Filter>
    </ClInclude>
    <ClInclude Include="C:\projects\Delta\Delta++\pch.h">
      <Filter>Header Files</Filter>
    </ClInclude>
    <ClInclude Include="C:\projects\Delta\Delta++\triangularmatrix.h">
      <Filter>Header Files</Filter>
    </ClInclude>
    <ClInclude Include="C:\projects\Delta\Delta++\trimatrixbuilder.h">
      <Filter>Header Files</Filter>
    </ClInclude>
  </ItemGroup>
  <ItemGroup>
    <CustomBuild Include="C:\projects\Delta\Delta++\CMakeLists.txt" />
  </ItemGroup>
  <ItemGroup>
    <Filter Include="Header Files">
      <UniqueIdentifier>{D403CB28-8556-3DD9-A9BE-28A015241FE8}</UniqueIdentifier>
    </Filter>
    <Filter Include="Source Files">
      <UniqueIdentifier>{087B698F-4FFB-3CCA-ACC5-BD9C3EB4ED7D}</UniqueIdentifier>
    </Filter>
  </ItemGroup>
</Project>
